
Microsoft Visual Studio Solution File, Format Version 12.00
# Visual Studio Version 16
VisualStudioVersion = 16.0.31129.286
MinimumVisualStudioVersion = 10.0.40219.1
Project("{FAE04EC0-301F-11D3-BF4B-00C04F79EFBC}") = "FootballRankingSystemAPI", "FootballRankingSystemAPI\FootballRankingSystemAPI.csproj", "{816240C2-AB8B-4171-91EE-CA3CF2A513FD}"
EndProject
Project("{FAE04EC0-301F-11D3-BF4B-00C04F79EFBC}") = "FootballRankingSystemMVC", "..\FootballRankingSystemMVC\FootballRankingSystemMVC.csproj", "{74B39EA1-3919-4BC6-912F-A3A794487CB2}"
EndProject
Global
	GlobalSection(SolutionConfigurationPlatforms) = preSolution
		Debug|Any CPU = Debug|Any CPU
		Release|Any CPU = Release|Any CPU
	EndGlobalSection
	GlobalSection(ProjectConfigurationPlatforms) = postSolution
		{816240C2-AB8B-4171-91EE-CA3CF2A513FD}.Debug|Any CPU.ActiveCfg = Debug|Any CPU
		{816240C2-AB8B-4171-91EE-CA3CF2A513FD}.Debug|Any CPU.Build.0 = Debug|Any CPU
		{816240C2-AB8B-4171-91EE-CA3CF2A513FD}.Release|Any CPU.ActiveCfg = Release|Any CPU
		{816240C2-AB8B-4171-91EE-CA3CF2A513FD}.Release|Any CPU.Build.0 = Release|Any CPU
		{74B39EA1-3919-4BC6-912F-A3A794487CB2}.Debug|Any CPU.ActiveCfg = Debug|Any CPU
		{74B39EA1-3919-4BC6-912F-A3A794487CB2}.Debug|Any CPU.Build.0 = Debug|Any CPU
		{74B39EA1-3919-4BC6-912F-A3A794487CB2}.Release|Any CPU.ActiveCfg = Release|Any CPU
		{74B39EA1-3919-4BC6-912F-A3A794487CB2}.Release|Any CPU.Build.0 = Release|Any CPU
	EndGlobalSection
	GlobalSection(SolutionProperties) = preSolution
		HideSolutionNode = FALSE
	EndGlobalSection
	GlobalSection(ExtensibilityGlobals) = postSolution
		SolutionGuid = {5893252A-F183-42E2-BE4A-6D2BD2172205}
	EndGlobalSection
EndGlobal
